// !$*UTF8*$!
{
	archiveVersion = 1;
	classes = {
	};
	objectVersion = 55;
	objects = {

/* Begin PBXBuildFile section */
		E4F003BE28D87E99007EF971 /* AppDelegate.swift in Sources */ = {isa = PBXBuildFile; fileRef = E4F003BD28D87E99007EF971 /* AppDelegate.swift */; };
		E4F003C028D87E99007EF971 /* SceneDelegate.swift in Sources */ = {isa = PBXBuildFile; fileRef = E4F003BF28D87E99007EF971 /* SceneDelegate.swift */; };
		E4F003C228D87E99007EF971 /* ViewController.swift in Sources */ = {isa = PBXBuildFile; fileRef = E4F003C128D87E99007EF971 /* ViewController.swift */; };
		E4F003C528D87E99007EF971 /* Main.storyboard in Resources */ = {isa = PBXBuildFile; fileRef = E4F003C328D87E99007EF971 /* Main.storyboard */; };
		E4F003C728D87E9B007EF971 /* Assets.xcassets in Resources */ = {isa = PBXBuildFile; fileRef = E4F003C628D87E9B007EF971 /* Assets.xcassets */; };
		E4F003CA28D87E9B007EF971 /* LaunchScreen.storyboard in Resources */ = {isa = PBXBuildFile; fileRef = E4F003C828D87E9B007EF971 /* LaunchScreen.storyboard */; };
		E4F003D528D87E9B007EF971 /* newGitHubTests.swift in Sources */ = {isa = PBXBuildFile; fileRef = E4F003D428D87E9B007EF971 /* newGitHubTests.swift */; };
		E4F003DF28D87E9B007EF971 /* newGitHubUITests.swift in Sources */ = {isa = PBXBuildFile; fileRef = E4F003DE28D87E9B007EF971 /* newGitHubUITests.swift */; };
		E4F003E128D87E9B007EF971 /* newGitHubUITestsLaunchTests.swift in Sources */ = {isa = PBXBuildFile; fileRef = E4F003E028D87E9B007EF971 /* newGitHubUITestsLaunchTests.swift */; };
/* End PBXBuildFile section */

/* Begin PBXContainerItemProxy section */
		E4F003D128D87E9B007EF971 /* PBXContainerItemProxy */ = {
			isa = PBXContainerItemProxy;
			containerPortal = E4F003B228D87E99007EF971 /* Project object */;
			proxyType = 1;
			remoteGlobalIDString = E4F003B928D87E99007EF971;
			remoteInfo = newGitHub;
		};
		E4F003DB28D87E9B007EF971 /* PBXContainerItemProxy */ = {
			isa = PBXContainerItemProxy;
			containerPortal = E4F003B228D87E99007EF971 /* Project object */;
			proxyType = 1;
			remoteGlobalIDString = E4F003B928D87E99007EF971;
			remoteInfo = newGitHub;
		};
/* End PBXContainerItemProxy section */

/* Begin PBXFileReference section */
		E4F003BA28D87E99007EF971 /* newGitHub.app */ = {isa = PBXFileReference; explicitFileType = wrapper.application; includeInIndex = 0; path = newGitHub.app; sourceTree = BUILT_PRODUCTS_DIR; };
		E4F003BD28D87E99007EF971 /* AppDelegate.swift */ = {isa = PBXFileReference; lastKnownFileType = sourcecode.swift; path = AppDelegate.swift; sourceTree = "<group>"; };
		E4F003BF28D87E99007EF971 /* SceneDelegate.swift */ = {isa = PBXFileReference; lastKnownFileType = sourcecode.swift; path = SceneDelegate.swift; sourceTree = "<group>"; };
		E4F003C128D87E99007EF971 /* ViewController.swift */ = {isa = PBXFileReference; lastKnownFileType = sourcecode.swift; path = ViewController.swift; sourceTree = "<group>"; };
		E4F003C428D87E99007EF971 /* Base */ = {isa = PBXFileReference; lastKnownFileType = file.storyboard; name = Base; path = Base.lproj/Main.storyboard; sourceTree = "<group>"; };
		E4F003C628D87E9B007EF971 /* Assets.xcassets */ = {isa = PBXFileReference; lastKnownFileType = folder.assetcatalog; path = Assets.xcassets; sourceTree = "<group>"; };
		E4F003C928D87E9B007EF971 /* Base */ = {isa = PBXFileReference; lastKnownFileType = file.storyboard; name = Base; path = Base.lproj/LaunchScreen.storyboard; sourceTree = "<group>"; };
		E4F003CB28D87E9B007EF971 /* Info.plist */ = {isa = PBXFileReference; lastKnownFileType = text.plist.xml; path = Info.plist; sourceTree = "<group>"; };
		E4F003D028D87E9B007EF971 /* newGitHubTests.xctest */ = {isa = PBXFileReference; explicitFileType = wrapper.cfbundle; includeInIndex = 0; path = newGitHubTests.xctest; sourceTree = BUILT_PRODUCTS_DIR; };
		E4F003D428D87E9B007EF971 /* newGitHubTests.swift */ = {isa = PBXFileReference; lastKnownFileType = sourcecode.swift; path = newGitHubTests.swift; sourceTree = "<group>"; };
		E4F003DA28D87E9B007EF971 /* newGitHubUITests.xctest */ = {isa = PBXFileReference; explicitFileType = wrapper.cfbundle; includeInIndex = 0; path = newGitHubUITests.xctest; sourceTree = BUILT_PRODUCTS_DIR; };
		E4F003DE28D87E9B007EF971 /* newGitHubUITests.swift */ = {isa = PBXFileReference; lastKnownFileType = sourcecode.swift; path = newGitHubUITests.swift; sourceTree = "<group>"; };
		E4F003E028D87E9B007EF971 /* newGitHubUITestsLaunchTests.swift */ = {isa = PBXFileReference; lastKnownFileType = sourcecode.swift; path = newGitHubUITestsLaunchTests.swift; sourceTree = "<group>"; };
/* End PBXFileReference section */

/* Begin PBXFrameworksBuildPhase section */
		E4F003B728D87E99007EF971 /* Frameworks */ = {
			isa = PBXFrameworksBuildPhase;
			buildActionMask = 2147483647;
			files = (
			);
			runOnlyForDeploymentPostprocessing = 0;
		};
		E4F003CD28D87E9B007EF971 /* Frameworks */ = {
			isa = PBXFrameworksBuildPhase;
			buildActionMask = 2147483647;
			files = (
			);
			runOnlyForDeploymentPostprocessing = 0;
		};
		E4F003D728D87E9B007EF971 /* Frameworks */ = {
			isa = PBXFrameworksBuildPhase;
			buildActionMask = 2147483647;
			files = (
			);
			runOnlyForDeploymentPostprocessing = 0;
		};
/* End PBXFrameworksBuildPhase section */

/* Begin PBXGroup section */
		E4F003B128D87E99007EF971 = {
			isa = PBXGroup;
			children = (
				E4F003BC28D87E99007EF971 /* newGitHub */,
				E4F003D328D87E9B007EF971 /* newGitHubTests */,
				E4F003DD28D87E9B007EF971 /* newGitHubUITests */,
				E4F003BB28D87E99007EF971 /* Products */,
			);
			sourceTree = "<group>";
		};
		E4F003BB28D87E99007EF971 /* Products */ = {
			isa = PBXGroup;
			children = (
				E4F003BA28D87E99007EF971 /* newGitHub.app */,
				E4F003D028D87E9B007EF971 /* newGitHubTests.xctest */,
				E4F003DA28D87E9B007EF971 /* newGitHubUITests.xctest */,
			);
			name = Products;
			sourceTree = "<group>";
		};
		E4F003BC28D87E99007EF971 /* newGitHub */ = {
			isa = PBXGroup;
			children = (
				E4F003BD28D87E99007EF971 /* AppDelegate.swift */,
				E4F003BF28D87E99007EF971 /* SceneDelegate.swift */,
				E4F003C128D87E99007EF971 /* ViewController.swift */,
				E4F003C328D87E99007EF971 /* Main.storyboard */,
				E4F003C628D87E9B007EF971 /* Assets.xcassets */,
				E4F003C828D87E9B007EF971 /* LaunchScreen.storyboard */,
				E4F003CB28D87E9B007EF971 /* Info.plist */,
			);
			path = newGitHub;
			sourceTree = "<group>";
		};
		E4F003D328D87E9B007EF971 /* newGitHubTests */ = {
			isa = PBXGroup;
			children = (
				E4F003D428D87E9B007EF971 /* newGitHubTests.swift */,
			);
			path = newGitHubTests;
			sourceTree = "<group>";
		};
		E4F003DD28D87E9B007EF971 /* newGitHubUITests */ = {
			isa = PBXGroup;
			children = (
				E4F003DE28D87E9B007EF971 /* newGitHubUITests.swift */,
				E4F003E028D87E9B007EF971 /* newGitHubUITestsLaunchTests.swift */,
			);
			path = newGitHubUITests;
			sourceTree = "<group>";
		};
/* End PBXGroup section */

/* Begin PBXNativeTarget section */
		E4F003B928D87E99007EF971 /* newGitHub */ = {
			isa = PBXNativeTarget;
			buildConfigurationList = E4F003E428D87E9B007EF971 /* Build configuration list for PBXNativeTarget "newGitHub" */;
			buildPhases = (
				E4F003B628D87E99007EF971 /* Sources */,
				E4F003B728D87E99007EF971 /* Frameworks */,
				E4F003B828D87E99007EF971 /* Resources */,
			);
			buildRules = (
			);
			dependencies = (
			);
			name = newGitHub;
			productName = newGitHub;
			productReference = E4F003BA28D87E99007EF971 /* newGitHub.app */;
			productType = "com.apple.product-type.application";
		};
		E4F003CF28D87E9B007EF971 /* newGitHubTests */ = {
			isa = PBXNativeTarget;
			buildConfigurationList = E4F003E728D87E9B007EF971 /* Build configuration list for PBXNativeTarget "newGitHubTests" */;
			buildPhases = (
				E4F003CC28D87E9B007EF971 /* Sources */,
				E4F003CD28D87E9B007EF971 /* Frameworks */,
				E4F003CE28D87E9B007EF971 /* Resources */,
			);
			buildRules = (
			);
			dependencies = (
				E4F003D228D87E9B007EF971 /* PBXTargetDependency */,
			);
			name = newGitHubTests;
			productName = newGitHubTests;
			productReference = E4F003D028D87E9B007EF971 /* newGitHubTests.xctest */;
			productType = "com.apple.product-type.bundle.unit-test";
		};
		E4F003D928D87E9B007EF971 /* newGitHubUITests */ = {
			isa = PBXNativeTarget;
			buildConfigurationList = E4F003EA28D87E9B007EF971 /* Build configuration list for PBXNativeTarget "newGitHubUITests" */;
			buildPhases = (
				E4F003D628D87E9B007EF971 /* Sources */,
				E4F003D728D87E9B007EF971 /* Frameworks */,
				E4F003D828D87E9B007EF971 /* Resources */,
			);
			buildRules = (
			);
			dependencies = (
				E4F003DC28D87E9B007EF971 /* PBXTargetDependency */,
			);
			name = newGitHubUITests;
			productName = newGitHubUITests;
			productReference = E4F003DA28D87E9B007EF971 /* newGitHubUITests.xctest */;
			productType = "com.apple.product-type.bundle.ui-testing";
		};
/* End PBXNativeTarget section */

/* Begin PBXProject section */
		E4F003B228D87E99007EF971 /* Project object */ = {
			isa = PBXProject;
			attributes = {
				BuildIndependentTargetsInParallel = 1;
				LastSwiftUpdateCheck = 1340;
				LastUpgradeCheck = 1340;
				TargetAttributes = {
					E4F003B928D87E99007EF971 = {
						CreatedOnToolsVersion = 13.4.1;
					};
					E4F003CF28D87E9B007EF971 = {
						CreatedOnToolsVersion = 13.4.1;
						TestTargetID = E4F003B928D87E99007EF971;
					};
					E4F003D928D87E9B007EF971 = {
						CreatedOnToolsVersion = 13.4.1;
						TestTargetID = E4F003B928D87E99007EF971;
					};
				};
			};
			buildConfigurationList = E4F003B528D87E99007EF971 /* Build configuration list for PBXProject "newGitHub" */;
			compatibilityVersion = "Xcode 13.0";
			developmentRegion = en;
			hasScannedForEncodings = 0;
			knownRegions = (
				en,
				Base,
			);
			mainGroup = E4F003B128D87E99007EF971;
			productRefGroup = E4F003BB28D87E99007EF971 /* Products */;
			projectDirPath = "";
			projectRoot = "";
			targets = (
				E4F003B928D87E99007EF971 /* newGitHub */,
				E4F003CF28D87E9B007EF971 /* newGitHubTests */,
				E4F003D928D87E9B007EF971 /* newGitHubUITests */,
			);
		};
/* End PBXProject section */

/* Begin PBXResourcesBuildPhase section */
		E4F003B828D87E99007EF971 /* Resources */ = {
			isa = PBXResourcesBuildPhase;
			buildActionMask = 2147483647;
			files = (
				E4F003CA28D87E9B007EF971 /* LaunchScreen.storyboard in Resources */,
				E4F003C728D87E9B007EF971 /* Assets.xcassets in Resources */,
				E4F003C528D87E99007EF971 /* Main.storyboard in Resources */,
			);
			runOnlyForDeploymentPostprocessing = 0;
		};
		E4F003CE28D87E9B007EF971 /* Resources */ = {
			isa = PBXResourcesBuildPhase;
			buildActionMask = 2147483647;
			files = (
			);
			runOnlyForDeploymentPostprocessing = 0;
		};
		E4F003D828D87E9B007EF971 /* Resources */ = {
			isa = PBXResourcesBuildPhase;
			buildActionMask = 2147483647;
			files = (
			);
			runOnlyForDeploymentPostprocessing = 0;
		};
/* End PBXResourcesBuildPhase section */

/* Begin PBXSourcesBuildPhase section */
		E4F003B628D87E99007EF971 /* Sources */ = {
			isa = PBXSourcesBuildPhase;
			buildActionMask = 2147483647;
			files = (
				E4F003C228D87E99007EF971 /* ViewController.swift in Sources */,
				E4F003BE28D87E99007EF971 /* AppDelegate.swift in Sources */,
				E4F003C028D87E99007EF971 /* SceneDelegate.swift in Sources */,
			);
			runOnlyForDeploymentPostprocessing = 0;
		};
		E4F003CC28D87E9B007EF971 /* Sources */ = {
			isa = PBXSourcesBuildPhase;
			buildActionMask = 2147483647;
			files = (
				E4F003D528D87E9B007EF971 /* newGitHubTests.swift in Sources */,
			);
			runOnlyForDeploymentPostprocessing = 0;
		};
		E4F003D628D87E9B007EF971 /* Sources */ = {
			isa = PBXSourcesBuildPhase;
			buildActionMask = 2147483647;
			files = (
				E4F003E128D87E9B007EF971 /* newGitHubUITestsLaunchTests.swift in Sources */,
				E4F003DF28D87E9B007EF971 /* newGitHubUITests.swift in Sources */,
			);
			runOnlyForDeploymentPostprocessing = 0;
		};
/* End PBXSourcesBuildPhase section */

/* Begin PBXTargetDependency section */
		E4F003D228D87E9B007EF971 /* PBXTargetDependency */ = {
			isa = PBXTargetDependency;
			target = E4F003B928D87E99007EF971 /* newGitHub */;
			targetProxy = E4F003D128D87E9B007EF971 /* PBXContainerItemProxy */;
		};
		E4F003DC28D87E9B007EF971 /* PBXTargetDependency */ = {
			isa = PBXTargetDependency;
			target = E4F003B928D87E99007EF971 /* newGitHub */;
			targetProxy = E4F003DB28D87E9B007EF971 /* PBXContainerItemProxy */;
		};
/* End PBXTargetDependency section */

/* Begin PBXVariantGroup section */
		E4F003C328D87E99007EF971 /* Main.storyboard */ = {
			isa = PBXVariantGroup;
			children = (
				E4F003C428D87E99007EF971 /* Base */,
			);
			name = Main.storyboard;
			sourceTree = "<group>";
		};
		E4F003C828D87E9B007EF971 /* LaunchScreen.storyboard */ = {
			isa = PBXVariantGroup;
			children = (
				E4F003C928D87E9B007EF971 /* Base */,
			);
			name = LaunchScreen.storyboard;
			sourceTree = "<group>";
		};
/* End PBXVariantGroup section */

/* Begin XCBuildConfiguration section */
		E4F003E228D87E9B007EF971 /* Debug */ = {
			isa = XCBuildConfiguration;
			buildSettings = {
				ALWAYS_SEARCH_USER_PATHS = NO;
				CLANG_ANALYZER_NONNULL = YES;
				CLANG_ANALYZER_NUMBER_OBJECT_CONVERSION = YES_AGGRESSIVE;
				CLANG_CXX_LANGUAGE_STANDARD = "gnu++17";
				CLANG_ENABLE_MODULES = YES;
				CLANG_ENABLE_OBJC_ARC = YES;
				CLANG_ENABLE_OBJC_WEAK = YES;
				CLANG_WARN_BLOCK_CAPTURE_AUTORELEASING = YES;
				CLANG_WARN_BOOL_CONVERSION = YES;
				CLANG_WARN_COMMA = YES;
				CLANG_WARN_CONSTANT_CONVERSION = YES;
				CLANG_WARN_DEPRECATED_OBJC_IMPLEMENTATIONS = YES;
				CLANG_WARN_DIRECT_OBJC_ISA_USAGE = YES_ERROR;
				CLANG_WARN_DOCUMENTATION_COMMENTS = YES;
				CLANG_WARN_EMPTY_BODY = YES;
				CLANG_WARN_ENUM_CONVERSION = YES;
				CLANG_WARN_INFINITE_RECURSION = YES;
				CLANG_WARN_INT_CONVERSION = YES;
				CLANG_WARN_NON_LITERAL_NULL_CONVERSION = YES;
				CLANG_WARN_OBJC_IMPLICIT_RETAIN_SELF = YES;
				CLANG_WARN_OBJC_LITERAL_CONVERSION = YES;
				CLANG_WARN_OBJC_ROOT_CLASS = YES_ERROR;
				CLANG_WARN_QUOTED_INCLUDE_IN_FRAMEWORK_HEADER = YES;
				CLANG_WARN_RANGE_LOOP_ANALYSIS = YES;
				CLANG_WARN_STRICT_PROTOTYPES = YES;
				CLANG_WARN_SUSPICIOUS_MOVE = YES;
				CLANG_WARN_UNGUARDED_AVAILABILITY = YES_AGGRESSIVE;
				CLANG_WARN_UNREACHABLE_CODE = YES;
				CLANG_WARN__DUPLICATE_METHOD_MATCH = YES;
				COPY_PHASE_STRIP = NO;
				DEBUG_INFORMATION_FORMAT = dwarf;
				ENABLE_STRICT_OBJC_MSGSEND = YES;
				ENABLE_TESTABILITY = YES;
				GCC_C_LANGUAGE_STANDARD = gnu11;
				GCC_DYNAMIC_NO_PIC = NO;
				GCC_NO_COMMON_BLOCKS = YES;
				GCC_OPTIMIZATION_LEVEL = 0;
				GCC_PREPROCESSOR_DEFINITIONS = (
					"DEBUG=1",
					"$(inherited)",
				);
				GCC_WARN_64_TO_32_BIT_CONVERSION = YES;
				GCC_WARN_ABOUT_RETURN_TYPE = YES_ERROR;
				GCC_WARN_UNDECLARED_SELECTOR = YES;
				GCC_WARN_UNINITIALIZED_AUTOS = YES_AGGRESSIVE;
				GCC_WARN_UNUSED_FUNCTION = YES;
				GCC_WARN_UNUSED_VARIABLE = YES;
				IPHONEOS_DEPLOYMENT_TARGET = 15.5;
				MTL_ENABLE_DEBUG_INFO = INCLUDE_SOURCE;
				MTL_FAST_MATH = YES;
				ONLY_ACTIVE_ARCH = YES;
				SDKROOT = iphoneos;
				SWIFT_ACTIVE_COMPILATION_CONDITIONS = DEBUG;
				SWIFT_OPTIMIZATION_LEVEL = "-Onone";
			};
			name = Debug;
		};
		E4F003E328D87E9B007EF971 /* Release */ = {
			isa = XCBuildConfiguration;
			buildSettings = {
				ALWAYS_SEARCH_USER_PATHS = NO;
				CLANG_ANALYZER_NONNULL = YES;
				CLANG_ANALYZER_NUMBER_OBJECT_CONVERSION = YES_AGGRESSIVE;
				CLANG_CXX_LANGUAGE_STANDARD = "gnu++17";
				CLANG_ENABLE_MODULES = YES;
				CLANG_ENABLE_OBJC_ARC = YES;
				CLANG_ENABLE_OBJC_WEAK = YES;
				CLANG_WARN_BLOCK_CAPTURE_AUTORELEASING = YES;
				CLANG_WARN_BOOL_CONVERSION = YES;
				CLANG_WARN_COMMA = YES;
				CLANG_WARN_CONSTANT_CONVERSION = YES;
				CLANG_WARN_DEPRECATED_OBJC_IMPLEMENTATIONS = YES;
				CLANG_WARN_DIRECT_OBJC_ISA_USAGE = YES_ERROR;
				CLANG_WARN_DOCUMENTATION_COMMENTS = YES;
				CLANG_WARN_EMPTY_BODY = YES;
				CLANG_WARN_ENUM_CONVERSION = YES;
				CLANG_WARN_INFINITE_RECURSION = YES;
				CLANG_WARN_INT_CONVERSION = YES;
				CLANG_WARN_NON_LITERAL_NULL_CONVERSION = YES;
				CLANG_WARN_OBJC_IMPLICIT_RETAIN_SELF = YES;
				CLANG_WARN_OBJC_LITERAL_CONVERSION = YES;
				CLANG_WARN_OBJC_ROOT_CLASS = YES_ERROR;
				CLANG_WARN_QUOTED_INCLUDE_IN_FRAMEWORK_HEADER = YES;
				CLANG_WARN_RANGE_LOOP_ANALYSIS = YES;
				CLANG_WARN_STRICT_PROTOTYPES = YES;
				CLANG_WARN_SUSPICIOUS_MOVE = YES;
				CLANG_WARN_UNGUARDED_AVAILABILITY = YES_AGGRESSIVE;
				CLANG_WARN_UNREACHABLE_CODE = YES;
				CLANG_WARN__DUPLICATE_METHOD_MATCH = YES;
				COPY_PHASE_STRIP = NO;
				DEBUG_INFORMATION_FORMAT = "dwarf-with-dsym";
				ENABLE_NS_ASSERTIONS = NO;
				ENABLE_STRICT_OBJC_MSGSEND = YES;
				GCC_C_LANGUAGE_STANDARD = gnu11;
				GCC_NO_COMMON_BLOCKS = YES;
				GCC_WARN_64_TO_32_BIT_CONVERSION = YES;
				GCC_WARN_ABOUT_RETURN_TYPE = YES_ERROR;
				GCC_WARN_UNDECLARED_SELECTOR = YES;
				GCC_WARN_UNINITIALIZED_AUTOS = YES_AGGRESSIVE;
				GCC_WARN_UNUSED_FUNCTION = YES;
				GCC_WARN_UNUSED_VARIABLE = YES;
				IPHONEOS_DEPLOYMENT_TARGET = 15.5;
				MTL_ENABLE_DEBUG_INFO = NO;
				MTL_FAST_MATH = YES;
				SDKROOT = iphoneos;
				SWIFT_COMPILATION_MODE = wholemodule;
				SWIFT_OPTIMIZATION_LEVEL = "-O";
				VALIDATE_PRODUCT = YES;
			};
			name = Release;
		};
		E4F003E528D87E9B007EF971 /* Debug */ = {
			isa = XCBuildConfiguration;
			buildSettings = {
				ASSETCATALOG_COMPILER_APPICON_NAME = AppIcon;
				ASSETCATALOG_COMPILER_GLOBAL_ACCENT_COLOR_NAME = AccentColor;
				CODE_SIGN_STYLE = Automatic;
				CURRENT_PROJECT_VERSION = 1;
				GENERATE_INFOPLIST_FILE = YES;
				INFOPLIST_FILE = newGitHub/Info.plist;
				INFOPLIST_KEY_UIApplicationSupportsIndirectInputEvents = YES;
				INFOPLIST_KEY_UILaunchStoryboardName = LaunchScreen;
				INFOPLIST_KEY_UIMainStoryboardFile = Main;
				INFOPLIST_KEY_UISupportedInterfaceOrientations_iPad = "UIInterfaceOrientationPortrait UIInterfaceOrientationPortraitUpsideDown UIInterfaceOrientationLandscapeLeft UIInterfaceOrientationLandscapeRight";
				INFOPLIST_KEY_UISupportedInterfaceOrientations_iPhone = "UIInterfaceOrientationPortrait UIInterfaceOrientationLandscapeLeft UIInterfaceOrientationLandscapeRight";
				LD_RUNPATH_SEARCH_PATHS = (
					"$(inherited)",
					"@executable_path/Frameworks",
				);
				MARKETING_VERSION = 1.0;
				PRODUCT_BUNDLE_IDENTIFIER = com.capgemini.newGitHub;
				PRODUCT_NAME = "$(TARGET_NAME)";
				SWIFT_EMIT_LOC_STRINGS = YES;
				SWIFT_VERSION = 5.0;
				TARGETED_DEVICE_FAMILY = "1,2";
			};
			name = Debug;
		};
		E4F003E628D87E9B007EF971 /* Release */ = {
			isa = XCBuildConfiguration;
			buildSettings = {
				ASSETCATALOG_COMPILER_APPICON_NAME = AppIcon;
				ASSETCATALOG_COMPILER_GLOBAL_ACCENT_COLOR_NAME = AccentColor;
				CODE_SIGN_STYLE = Automatic;
				CURRENT_PROJECT_VERSION = 1;
				GENERATE_INFOPLIST_FILE = YES;
				INFOPLIST_FILE = newGitHub/Info.plist;
				INFOPLIST_KEY_UIApplicationSupportsIndirectInputEvents = YES;
				INFOPLIST_KEY_UILaunchStoryboardName = LaunchScreen;
				INFOPLIST_KEY_UIMainStoryboardFile = Main;
				INFOPLIST_KEY_UISupportedInterfaceOrientations_iPad = "UIInterfaceOrientationPortrait UIInterfaceOrientationPortraitUpsideDown UIInterfaceOrientationLandscapeLeft UIInterfaceOrientationLandscapeRight";
				INFOPLIST_KEY_UISupportedInterfaceOrientations_iPhone = "UIInterfaceOrientationPortrait UIInterfaceOrientationLandscapeLeft UIInterfaceOrientationLandscapeRight";
				LD_RUNPATH_SEARCH_PATHS = (
					"$(inherited)",
					"@executable_path/Frameworks",
				);
				MARKETING_VERSION = 1.0;
				PRODUCT_BUNDLE_IDENTIFIER = com.capgemini.newGitHub;
				PRODUCT_NAME = "$(TARGET_NAME)";
				SWIFT_EMIT_LOC_STRINGS = YES;
				SWIFT_VERSION = 5.0;
				TARGETED_DEVICE_FAMILY = "1,2";
			};
			name = Release;
		};
		E4F003E828D87E9B007EF971 /* Debug */ = {
			isa = XCBuildConfiguration;
			buildSettings = {
				ALWAYS_EMBED_SWIFT_STANDARD_LIBRARIES = YES;
				BUNDLE_LOADER = "$(TEST_HOST)";
				CODE_SIGN_STYLE = Automatic;
				CURRENT_PROJECT_VERSION = 1;
				GENERATE_INFOPLIST_FILE = YES;
				IPHONEOS_DEPLOYMENT_TARGET = 15.5;
				MARKETING_VERSION = 1.0;
				PRODUCT_BUNDLE_IDENTIFIER = com.capgemini.newGitHubTests;
				PRODUCT_NAME = "$(TARGET_NAME)";
				SWIFT_EMIT_LOC_STRINGS = NO;
				SWIFT_VERSION = 5.0;
				TARGETED_DEVICE_FAMILY = "1,2";
				TEST_HOST = "$(BUILT_PRODUCTS_DIR)/newGitHub.app/newGitHub";
			};
			name = Debug;
		};
		E4F003E928D87E9B007EF971 /* Release */ = {
			isa = XCBuildConfiguration;
			buildSettings = {
				ALWAYS_EMBED_SWIFT_STANDARD_LIBRARIES = YES;
				BUNDLE_LOADER = "$(TEST_HOST)";
				CODE_SIGN_STYLE = Automatic;
				CURRENT_PROJECT_VERSION = 1;
				GENERATE_INFOPLIST_FILE = YES;
				IPHONEOS_DEPLOYMENT_TARGET = 15.5;
				MARKETING_VERSION = 1.0;
				PRODUCT_BUNDLE_IDENTIFIER = com.capgemini.newGitHubTests;
				PRODUCT_NAME = "$(TARGET_NAME)";
				SWIFT_EMIT_LOC_STRINGS = NO;
				SWIFT_VERSION = 5.0;
				TARGETED_DEVICE_FAMILY = "1,2";
				TEST_HOST = "$(BUILT_PRODUCTS_DIR)/newGitHub.app/newGitHub";
			};
			name = Release;
		};
		E4F003EB28D87E9B007EF971 /* Debug */ = {
			isa = XCBuildConfiguration;
			buildSettings = {
				ALWAYS_EMBED_SWIFT_STANDARD_LIBRARIES = YES;
				CODE_SIGN_STYLE = Automatic;
				CURRENT_PROJECT_VERSION = 1;
				GENERATE_INFOPLIST_FILE = YES;
				MARKETING_VERSION = 1.0;
				PRODUCT_BUNDLE_IDENTIFIER = com.capgemini.newGitHubUITests;
				PRODUCT_NAME = "$(TARGET_NAME)";
				SWIFT_EMIT_LOC_STRINGS = NO;
				SWIFT_VERSION = 5.0;
				TARGETED_DEVICE_FAMILY = "1,2";
				TEST_TARGET_NAME = newGitHub;
			};
			name = Debug;
		};
		E4F003EC28D87E9B007EF971 /* Release */ = {
			isa = XCBuildConfiguration;
			buildSettings = {
				ALWAYS_EMBED_SWIFT_STANDARD_LIBRARIES = YES;
				CODE_SIGN_STYLE = Automatic;
				CURRENT_PROJECT_VERSION = 1;
				GENERATE_INFOPLIST_FILE = YES;
				MARKETING_VERSION = 1.0;
				PRODUCT_BUNDLE_IDENTIFIER = com.capgemini.newGitHubUITests;
				PRODUCT_NAME = "$(TARGET_NAME)";
				SWIFT_EMIT_LOC_STRINGS = NO;
				SWIFT_VERSION = 5.0;
				TARGETED_DEVICE_FAMILY = "1,2";
				TEST_TARGET_NAME = newGitHub;
			};
			name = Release;
		};
/* End XCBuildConfiguration section */

/* Begin XCConfigurationList section */
		E4F003B528D87E99007EF971 /* Build configuration list for PBXProject "newGitHub" */ = {
			isa = XCConfigurationList;
			buildConfigurations = (
				E4F003E228D87E9B007EF971 /* Debug */,
				E4F003E328D87E9B007EF971 /* Release */,
			);
			defaultConfigurationIsVisible = 0;
			defaultConfigurationName = Release;
		};
		E4F003E428D87E9B007EF971 /* Build configuration list for PBXNativeTarget "newGitHub" */ = {
			isa = XCConfigurationList;
			buildConfigurations = (
				E4F003E528D87E9B007EF971 /* Debug */,
				E4F003E628D87E9B007EF971 /* Release */,
			);
			defaultConfigurationIsVisible = 0;
			defaultConfigurationName = Release;
		};
		E4F003E728D87E9B007EF971 /* Build configuration list for PBXNativeTarget "newGitHubTests" */ = {
			isa = XCConfigurationList;
			buildConfigurations = (
				E4F003E828D87E9B007EF971 /* Debug */,
				E4F003E928D87E9B007EF971 /* Release */,
			);
			defaultConfigurationIsVisible = 0;
			defaultConfigurationName = Release;
		};
		E4F003EA28D87E9B007EF971 /* Build configuration list for PBXNativeTarget "newGitHubUITests" */ = {
			isa = XCConfigurationList;
			buildConfigurations = (
				E4F003EB28D87E9B007EF971 /* Debug */,
				E4F003EC28D87E9B007EF971 /* Release */,
			);
			defaultConfigurationIsVisible = 0;
			defaultConfigurationName = Release;
		};
/* End XCConfigurationList section */
	};
	rootObject = E4F003B228D87E99007EF971 /* Project object */;
}
